// !$*UTF8*$!
{
	archiveVersion = 1;
	classes = {
	};
	objectVersion = 50;
	objects = {

/* Begin PBXBuildFile section */
		0567346682B5084830F52BA8 /* Pods_hackChallenge.framework in Frameworks */ = {isa = PBXBuildFile; fileRef = 7E7982C3D9C24825C811DDFC /* Pods_hackChallenge.framework */; };
		326BAAD426433667000ADAEE /* AppDelegate.swift in Sources */ = {isa = PBXBuildFile; fileRef = 326BAAD326433667000ADAEE /* AppDelegate.swift */; };
		326BAAD626433667000ADAEE /* SceneDelegate.swift in Sources */ = {isa = PBXBuildFile; fileRef = 326BAAD526433667000ADAEE /* SceneDelegate.swift */; };
		326BAAD826433667000ADAEE /* ViewController.swift in Sources */ = {isa = PBXBuildFile; fileRef = 326BAAD726433667000ADAEE /* ViewController.swift */; };
		326BAADB26433667000ADAEE /* Main.storyboard in Resources */ = {isa = PBXBuildFile; fileRef = 326BAAD926433667000ADAEE /* Main.storyboard */; };
		326BAADD26433669000ADAEE /* Assets.xcassets in Resources */ = {isa = PBXBuildFile; fileRef = 326BAADC26433669000ADAEE /* Assets.xcassets */; };
		326BAAE026433669000ADAEE /* LaunchScreen.storyboard in Resources */ = {isa = PBXBuildFile; fileRef = 326BAADE26433669000ADAEE /* LaunchScreen.storyboard */; };
		326BAAE9264336D8000ADAEE /* PushViewController.swift in Sources */ = {isa = PBXBuildFile; fileRef = 326BAAE8264336D8000ADAEE /* PushViewController.swift */; };
		326BAAF226433826000ADAEE /* Sign.swift in Sources */ = {isa = PBXBuildFile; fileRef = 326BAAF126433826000ADAEE /* Sign.swift */; };
		326BAAF52643386E000ADAEE /* SignTableViewCell.swift in Sources */ = {isa = PBXBuildFile; fileRef = 326BAAF42643386E000ADAEE /* SignTableViewCell.swift */; };
		326BAAF8264344A0000ADAEE /* NetworkManager.swift in Sources */ = {isa = PBXBuildFile; fileRef = 326BAAF7264344A0000ADAEE /* NetworkManager.swift */; };
/* End PBXBuildFile section */

/* Begin PBXFileReference section */
		326BAAD026433667000ADAEE /* hackChallenge.app */ = {isa = PBXFileReference; explicitFileType = wrapper.application; includeInIndex = 0; path = hackChallenge.app; sourceTree = BUILT_PRODUCTS_DIR; };
		326BAAD326433667000ADAEE /* AppDelegate.swift */ = {isa = PBXFileReference; lastKnownFileType = sourcecode.swift; path = AppDelegate.swift; sourceTree = "<group>"; };
		326BAAD526433667000ADAEE /* SceneDelegate.swift */ = {isa = PBXFileReference; lastKnownFileType = sourcecode.swift; path = SceneDelegate.swift; sourceTree = "<group>"; };
		326BAAD726433667000ADAEE /* ViewController.swift */ = {isa = PBXFileReference; lastKnownFileType = sourcecode.swift; path = ViewController.swift; sourceTree = "<group>"; };
		326BAADA26433667000ADAEE /* Base */ = {isa = PBXFileReference; lastKnownFileType = file.storyboard; name = Base; path = Base.lproj/Main.storyboard; sourceTree = "<group>"; };
		326BAADC26433669000ADAEE /* Assets.xcassets */ = {isa = PBXFileReference; lastKnownFileType = folder.assetcatalog; path = Assets.xcassets; sourceTree = "<group>"; };
		326BAADF26433669000ADAEE /* Base */ = {isa = PBXFileReference; lastKnownFileType = file.storyboard; name = Base; path = Base.lproj/LaunchScreen.storyboard; sourceTree = "<group>"; };
		326BAAE126433669000ADAEE /* Info.plist */ = {isa = PBXFileReference; lastKnownFileType = text.plist.xml; path = Info.plist; sourceTree = "<group>"; };
		326BAAE8264336D8000ADAEE /* PushViewController.swift */ = {isa = PBXFileReference; lastKnownFileType = sourcecode.swift; path = PushViewController.swift; sourceTree = "<group>"; };
		326BAAF126433826000ADAEE /* Sign.swift */ = {isa = PBXFileReference; lastKnownFileType = sourcecode.swift; path = Sign.swift; sourceTree = "<group>"; };
		326BAAF42643386E000ADAEE /* SignTableViewCell.swift */ = {isa = PBXFileReference; lastKnownFileType = sourcecode.swift; path = SignTableViewCell.swift; sourceTree = "<group>"; };
		326BAAF7264344A0000ADAEE /* NetworkManager.swift */ = {isa = PBXFileReference; lastKnownFileType = sourcecode.swift; path = NetworkManager.swift; sourceTree = "<group>"; };
		7E7982C3D9C24825C811DDFC /* Pods_hackChallenge.framework */ = {isa = PBXFileReference; explicitFileType = wrapper.framework; includeInIndex = 0; path = Pods_hackChallenge.framework; sourceTree = BUILT_PRODUCTS_DIR; };
		A89020C31F9CBE61B47E2798 /* Pods-hackChallenge.debug.xcconfig */ = {isa = PBXFileReference; includeInIndex = 1; lastKnownFileType = text.xcconfig; name = "Pods-hackChallenge.debug.xcconfig"; path = "Target Support Files/Pods-hackChallenge/Pods-hackChallenge.debug.xcconfig"; sourceTree = "<group>"; };
		E5EF274911BA95984E076F21 /* Pods-hackChallenge.release.xcconfig */ = {isa = PBXFileReference; includeInIndex = 1; lastKnownFileType = text.xcconfig; name = "Pods-hackChallenge.release.xcconfig"; path = "Target Support Files/Pods-hackChallenge/Pods-hackChallenge.release.xcconfig"; sourceTree = "<group>"; };
/* End PBXFileReference section */

/* Begin PBXFrameworksBuildPhase section */
		326BAACD26433667000ADAEE /* Frameworks */ = {
			isa = PBXFrameworksBuildPhase;
			buildActionMask = 2147483647;
			files = (
				0567346682B5084830F52BA8 /* Pods_hackChallenge.framework in Frameworks */,
			);
			runOnlyForDeploymentPostprocessing = 0;
		};
/* End PBXFrameworksBuildPhase section */

/* Begin PBXGroup section */
		326BAAC726433667000ADAEE = {
			isa = PBXGroup;
			children = (
				326BAAD226433667000ADAEE /* hackChallenge */,
				326BAAD126433667000ADAEE /* Products */,
				8B86795CB21B451096E5A7FD /* Pods */,
				7DF34D6661FB288D27145BAF /* Frameworks */,
			);
			sourceTree = "<group>";
		};
		326BAAD126433667000ADAEE /* Products */ = {
			isa = PBXGroup;
			children = (
				326BAAD026433667000ADAEE /* hackChallenge.app */,
			);
			name = Products;
			sourceTree = "<group>";
		};
		326BAAD226433667000ADAEE /* hackChallenge */ = {
			isa = PBXGroup;
			children = (
				326BAAD326433667000ADAEE /* AppDelegate.swift */,
				326BAAD526433667000ADAEE /* SceneDelegate.swift */,
				326BAAD726433667000ADAEE /* ViewController.swift */,
				326BAAF7264344A0000ADAEE /* NetworkManager.swift */,
				326BAAD926433667000ADAEE /* Main.storyboard */,
				326BAADC26433669000ADAEE /* Assets.xcassets */,
				326BAADE26433669000ADAEE /* LaunchScreen.storyboard */,
				326BAAE126433669000ADAEE /* Info.plist */,
				326BAAE8264336D8000ADAEE /* PushViewController.swift */,
				326BAAF126433826000ADAEE /* Sign.swift */,
				326BAAF42643386E000ADAEE /* SignTableViewCell.swift */,
			);
			path = hackChallenge;
			sourceTree = "<group>";
		};
		7DF34D6661FB288D27145BAF /* Frameworks */ = {
			isa = PBXGroup;
			children = (
				7E7982C3D9C24825C811DDFC /* Pods_hackChallenge.framework */,
			);
			name = Frameworks;
			sourceTree = "<group>";
		};
		8B86795CB21B451096E5A7FD /* Pods */ = {
			isa = PBXGroup;
			children = (
				A89020C31F9CBE61B47E2798 /* Pods-hackChallenge.debug.xcconfig */,
				E5EF274911BA95984E076F21 /* Pods-hackChallenge.release.xcconfig */,
			);
			name = Pods;
			path = Pods;
			sourceTree = "<group>";
		};
/* End PBXGroup section */

/* Begin PBXNativeTarget section */
		326BAACF26433667000ADAEE /* hackChallenge */ = {
			isa = PBXNativeTarget;
			buildConfigurationList = 326BAAE426433669000ADAEE /* Build configuration list for PBXNativeTarget "hackChallenge" */;
			buildPhases = (
				B1D226CCC5FF21A7AAA222D6 /* [CP] Check Pods Manifest.lock */,
				326BAACC26433667000ADAEE /* Sources */,
				326BAACD26433667000ADAEE /* Frameworks */,
				326BAACE26433667000ADAEE /* Resources */,
				9C02FB305636CA059EE6B748 /* [CP] Embed Pods Frameworks */,
			);
			buildRules = (
			);
			dependencies = (
			);
			name = hackChallenge;
			productName = hackChallenge;
			productReference = 326BAAD026433667000ADAEE /* hackChallenge.app */;
			productType = "com.apple.product-type.application";
		};
/* End PBXNativeTarget section */

/* Begin PBXProject section */
		326BAAC826433667000ADAEE /* Project object */ = {
			isa = PBXProject;
			attributes = {
				LastSwiftUpdateCheck = 1240;
				LastUpgradeCheck = 1240;
				TargetAttributes = {
					326BAACF26433667000ADAEE = {
						CreatedOnToolsVersion = 12.4;
					};
				};
			};
			buildConfigurationList = 326BAACB26433667000ADAEE /* Build configuration list for PBXProject "hackChallenge" */;
			compatibilityVersion = "Xcode 9.3";
			developmentRegion = en;
			hasScannedForEncodings = 0;
			knownRegions = (
				en,
				Base,
			);
			mainGroup = 326BAAC726433667000ADAEE;
			productRefGroup = 326BAAD126433667000ADAEE /* Products */;
			projectDirPath = "";
			projectRoot = "";
			targets = (
				326BAACF26433667000ADAEE /* hackChallenge */,
			);
		};
/* End PBXProject section */

/* Begin PBXResourcesBuildPhase section */
		326BAACE26433667000ADAEE /* Resources */ = {
			isa = PBXResourcesBuildPhase;
			buildActionMask = 2147483647;
			files = (
				326BAAE026433669000ADAEE /* LaunchScreen.storyboard in Resources */,
				326BAADD26433669000ADAEE /* Assets.xcassets in Resources */,
				326BAADB26433667000ADAEE /* Main.storyboard in Resources */,
			);
			runOnlyForDeploymentPostprocessing = 0;
		};
/* End PBXResourcesBuildPhase section */

/* Begin PBXShellScriptBuildPhase section */
		9C02FB305636CA059EE6B748 /* [CP] Embed Pods Frameworks */ = {
			isa = PBXShellScriptBuildPhase;
			buildActionMask = 2147483647;
			files = (
			);
			inputFileListPaths = (
				"${PODS_ROOT}/Target Support Files/Pods-hackChallenge/Pods-hackChallenge-frameworks-${CONFIGURATION}-input-files.xcfilelist",
			);
			name = "[CP] Embed Pods Frameworks";
			outputFileListPaths = (
				"${PODS_ROOT}/Target Support Files/Pods-hackChallenge/Pods-hackChallenge-frameworks-${CONFIGURATION}-output-files.xcfilelist",
			);
			runOnlyForDeploymentPostprocessing = 0;
			shellPath = /bin/sh;
			shellScript = "\"${PODS_ROOT}/Target Support Files/Pods-hackChallenge/Pods-hackChallenge-frameworks.sh\"\n";
			showEnvVarsInLog = 0;
		};
		B1D226CCC5FF21A7AAA222D6 /* [CP] Check Pods Manifest.lock */ = {
			isa = PBXShellScriptBuildPhase;
			buildActionMask = 2147483647;
			files = (
			);
			inputFileListPaths = (
			);
			inputPaths = (
				"${PODS_PODFILE_DIR_PATH}/Podfile.lock",
				"${PODS_ROOT}/Manifest.lock",
			);
			name = "[CP] Check Pods Manifest.lock";
			outputFileListPaths = (
			);
			outputPaths = (
				"$(DERIVED_FILE_DIR)/Pods-hackChallenge-checkManifestLockResult.txt",
			);
			runOnlyForDeploymentPostprocessing = 0;
			shellPath = /bin/sh;
			shellScript = "diff \"${PODS_PODFILE_DIR_PATH}/Podfile.lock\" \"${PODS_ROOT}/Manifest.lock\" > /dev/null\nif [ $? != 0 ] ; then\n    # print error to STDERR\n    echo \"error: The sandbox is not in sync with the Podfile.lock. Run 'pod install' or update your CocoaPods installation.\" >&2\n    exit 1\nfi\n# This output is used by Xcode 'outputs' to avoid re-running this script phase.\necho \"SUCCESS\" > \"${SCRIPT_OUTPUT_FILE_0}\"\n";
			showEnvVarsInLog = 0;
		};
/* End PBXShellScriptBuildPhase section */

/* Begin PBXSourcesBuildPhase section */
		326BAACC26433667000ADAEE /* Sources */ = {
			isa = PBXSourcesBuildPhase;
			buildActionMask = 2147483647;
			files = (
				326BAAF8264344A0000ADAEE /* NetworkManager.swift in Sources */,
				326BAAD826433667000ADAEE /* ViewController.swift in Sources */,
				326BAAF226433826000ADAEE /* Sign.swift in Sources */,
				326BAAD426433667000ADAEE /* AppDelegate.swift in Sources */,
				326BAAE9264336D8000ADAEE /* PushViewController.swift in Sources */,
				326BAAD626433667000ADAEE /* SceneDelegate.swift in Sources */,
				326BAAF52643386E000ADAEE /* SignTableViewCell.swift in Sources */,
			);
			runOnlyForDeploymentPostprocessing = 0;
		};
/* End PBXSourcesBuildPhase section */

/* Begin PBXVariantGroup section */
		326BAAD926433667000ADAEE /* Main.storyboard */ = {
			isa = PBXVariantGroup;
			children = (
				326BAADA26433667000ADAEE /* Base */,
			);
			name = Main.storyboard;
			sourceTree = "<group>";
		};
		326BAADE26433669000ADAEE /* LaunchScreen.storyboard */ = {
			isa = PBXVariantGroup;
			children = (
				326BAADF26433669000ADAEE /* Base */,
			);
			name = LaunchScreen.storyboard;
			sourceTree = "<group>";
		};
/* End PBXVariantGroup section */

/* Begin XCBuildConfiguration section */
		326BAAE226433669000ADAEE /* Debug */ = {
			isa = XCBuildConfiguration;
			buildSettings = {
				ALWAYS_SEARCH_USER_PATHS = NO;
				CLANG_ANALYZER_NONNULL = YES;
				CLANG_ANALYZER_NUMBER_OBJECT_CONVERSION = YES_AGGRESSIVE;
				CLANG_CXX_LANGUAGE_STANDARD = "gnu++14";
				CLANG_CXX_LIBRARY = "libc++";
				CLANG_ENABLE_MODULES = YES;
				CLANG_ENABLE_OBJC_ARC = YES;
				CLANG_ENABLE_OBJC_WEAK = YES;
				CLANG_WARN_BLOCK_CAPTURE_AUTORELEASING = YES;
				CLANG_WARN_BOOL_CONVERSION = YES;
				CLANG_WARN_COMMA = YES;
				CLANG_WARN_CONSTANT_CONVERSION = YES;
				CLANG_WARN_DEPRECATED_OBJC_IMPLEMENTATIONS = YES;
				CLANG_WARN_DIRECT_OBJC_ISA_USAGE = YES_ERROR;
				CLANG_WARN_DOCUMENTATION_COMMENTS = YES;
				CLANG_WARN_EMPTY_BODY = YES;
				CLANG_WARN_ENUM_CONVERSION = YES;
				CLANG_WARN_INFINITE_RECURSION = YES;
				CLANG_WARN_INT_CONVERSION = YES;
				CLANG_WARN_NON_LITERAL_NULL_CONVERSION = YES;
				CLANG_WARN_OBJC_IMPLICIT_RETAIN_SELF = YES;
				CLANG_WARN_OBJC_LITERAL_CONVERSION = YES;
				CLANG_WARN_OBJC_ROOT_CLASS = YES_ERROR;
				CLANG_WARN_QUOTED_INCLUDE_IN_FRAMEWORK_HEADER = YES;
				CLANG_WARN_RANGE_LOOP_ANALYSIS = YES;
				CLANG_WARN_STRICT_PROTOTYPES = YES;
				CLANG_WARN_SUSPICIOUS_MOVE = YES;
				CLANG_WARN_UNGUARDED_AVAILABILITY = YES_AGGRESSIVE;
				CLANG_WARN_UNREACHABLE_CODE = YES;
				CLANG_WARN__DUPLICATE_METHOD_MATCH = YES;
				COPY_PHASE_STRIP = NO;
				DEBUG_INFORMATION_FORMAT = dwarf;
				ENABLE_STRICT_OBJC_MSGSEND = YES;
				ENABLE_TESTABILITY = YES;
				GCC_C_LANGUAGE_STANDARD = gnu11;
				GCC_DYNAMIC_NO_PIC = NO;
				GCC_NO_COMMON_BLOCKS = YES;
				GCC_OPTIMIZATION_LEVEL = 0;
				GCC_PREPROCESSOR_DEFINITIONS = (
					"DEBUG=1",
					"$(inherited)",
				);
				GCC_WARN_64_TO_32_BIT_CONVERSION = YES;
				GCC_WARN_ABOUT_RETURN_TYPE = YES_ERROR;
				GCC_WARN_UNDECLARED_SELECTOR = YES;
				GCC_WARN_UNINITIALIZED_AUTOS = YES_AGGRESSIVE;
				GCC_WARN_UNUSED_FUNCTION = YES;
				GCC_WARN_UNUSED_VARIABLE = YES;
				IPHONEOS_DEPLOYMENT_TARGET = 14.4;
				MTL_ENABLE_DEBUG_INFO = INCLUDE_SOURCE;
				MTL_FAST_MATH = YES;
				ONLY_ACTIVE_ARCH = YES;
				SDKROOT = iphoneos;
				SWIFT_ACTIVE_COMPILATION_CONDITIONS = DEBUG;
				SWIFT_OPTIMIZATION_LEVEL = "-Onone";
			};
			name = Debug;
		};
		326BAAE326433669000ADAEE /* Release */ = {
			isa = XCBuildConfiguration;
			buildSettings = {
				ALWAYS_SEARCH_USER_PATHS = NO;
				CLANG_ANALYZER_NONNULL = YES;
				CLANG_ANALYZER_NUMBER_OBJECT_CONVERSION = YES_AGGRESSIVE;
				CLANG_CXX_LANGUAGE_STANDARD = "gnu++14";
				CLANG_CXX_LIBRARY = "libc++";
				CLANG_ENABLE_MODULES = YES;
				CLANG_ENABLE_OBJC_ARC = YES;
				CLANG_ENABLE_OBJC_WEAK = YES;
				CLANG_WARN_BLOCK_CAPTURE_AUTORELEASING = YES;
				CLANG_WARN_BOOL_CONVERSION = YES;
				CLANG_WARN_COMMA = YES;
				CLANG_WARN_CONSTANT_CONVERSION = YES;
				CLANG_WARN_DEPRECATED_OBJC_IMPLEMENTATIONS = YES;
				CLANG_WARN_DIRECT_OBJC_ISA_USAGE = YES_ERROR;
				CLANG_WARN_DOCUMENTATION_COMMENTS = YES;
				CLANG_WARN_EMPTY_BODY = YES;
				CLANG_WARN_ENUM_CONVERSION = YES;
				CLANG_WARN_INFINITE_RECURSION = YES;
				CLANG_WARN_INT_CONVERSION = YES;
				CLANG_WARN_NON_LITERAL_NULL_CONVERSION = YES;
				CLANG_WARN_OBJC_IMPLICIT_RETAIN_SELF = YES;
				CLANG_WARN_OBJC_LITERAL_CONVERSION = YES;
				CLANG_WARN_OBJC_ROOT_CLASS = YES_ERROR;
				CLANG_WARN_QUOTED_INCLUDE_IN_FRAMEWORK_HEADER = YES;
				CLANG_WARN_RANGE_LOOP_ANALYSIS = YES;
				CLANG_WARN_STRICT_PROTOTYPES = YES;
				CLANG_WARN_SUSPICIOUS_MOVE = YES;
				CLANG_WARN_UNGUARDED_AVAILABILITY = YES_AGGRESSIVE;
				CLANG_WARN_UNREACHABLE_CODE = YES;
				CLANG_WARN__DUPLICATE_METHOD_MATCH = YES;
				COPY_PHASE_STRIP = NO;
				DEBUG_INFORMATION_FORMAT = "dwarf-with-dsym";
				ENABLE_NS_ASSERTIONS = NO;
				ENABLE_STRICT_OBJC_MSGSEND = YES;
				GCC_C_LANGUAGE_STANDARD = gnu11;
				GCC_NO_COMMON_BLOCKS = YES;
				GCC_WARN_64_TO_32_BIT_CONVERSION = YES;
				GCC_WARN_ABOUT_RETURN_TYPE = YES_ERROR;
				GCC_WARN_UNDECLARED_SELECTOR = YES;
				GCC_WARN_UNINITIALIZED_AUTOS = YES_AGGRESSIVE;
				GCC_WARN_UNUSED_FUNCTION = YES;
				GCC_WARN_UNUSED_VARIABLE = YES;
				IPHONEOS_DEPLOYMENT_TARGET = 14.4;
				MTL_ENABLE_DEBUG_INFO = NO;
				MTL_FAST_MATH = YES;
				SDKROOT = iphoneos;
				SWIFT_COMPILATION_MODE = wholemodule;
				SWIFT_OPTIMIZATION_LEVEL = "-O";
				VALIDATE_PRODUCT = YES;
			};
			name = Release;
		};
		326BAAE526433669000ADAEE /* Debug */ = {
			isa = XCBuildConfiguration;
			baseConfigurationReference = A89020C31F9CBE61B47E2798 /* Pods-hackChallenge.debug.xcconfig */;
			buildSettings = {
				ASSETCATALOG_COMPILER_APPICON_NAME = AppIcon;
				ASSETCATALOG_COMPILER_GLOBAL_ACCENT_COLOR_NAME = AccentColor;
				CODE_SIGN_STYLE = Automatic;
				INFOPLIST_FILE = hackChallenge/Info.plist;
				LD_RUNPATH_SEARCH_PATHS = (
					"$(inherited)",
					"@executable_path/Frameworks",
				);
				PRODUCT_BUNDLE_IDENTIFIER = "Emory-Walsh.hackChallenge";
				PRODUCT_NAME = "$(TARGET_NAME)";
				SWIFT_VERSION = 5.0;
				TARGETED_DEVICE_FAMILY = "1,2";
			};
			name = Debug;
		};
		326BAAE626433669000ADAEE /* Release */ = {
			isa = XCBuildConfiguration;
			baseConfigurationReference = E5EF274911BA95984E076F21 /* Pods-hackChallenge.release.xcconfig */;
			buildSettings = {
				ASSETCATALOG_COMPILER_APPICON_NAME = AppIcon;
				ASSETCATALOG_COMPILER_GLOBAL_ACCENT_COLOR_NAME = AccentColor;
				CODE_SIGN_STYLE = Automatic;
				INFOPLIST_FILE = hackChallenge/Info.plist;
				LD_RUNPATH_SEARCH_PATHS = (
					"$(inherited)",
					"@executable_path/Frameworks",
				);
				PRODUCT_BUNDLE_IDENTIFIER = "Emory-Walsh.hackChallenge";
				PRODUCT_NAME = "$(TARGET_NAME)";
				SWIFT_VERSION = 5.0;
				TARGETED_DEVICE_FAMILY = "1,2";
			};
			name = Release;
		};
/* End XCBuildConfiguration section */

/* Begin XCConfigurationList section */
		326BAACB26433667000ADAEE /* Build configuration list for PBXProject "hackChallenge" */ = {
			isa = XCConfigurationList;
			buildConfigurations = (
				326BAAE226433669000ADAEE /* Debug */,
				326BAAE326433669000ADAEE /* Release */,
			);
			defaultConfigurationIsVisible = 0;
			defaultConfigurationName = Release;
		};
		326BAAE426433669000ADAEE /* Build configuration list for PBXNativeTarget "hackChallenge" */ = {
			isa = XCConfigurationList;
			buildConfigurations = (
				326BAAE526433669000ADAEE /* Debug */,
				326BAAE626433669000ADAEE /* Release */,
			);
			defaultConfigurationIsVisible = 0;
			defaultConfigurationName = Release;
		};
/* End XCConfigurationList section */
	};
	rootObject = 326BAAC826433667000ADAEE /* Project object */;
}
